
Microsoft Visual Studio Solution File, Format Version 12.00
# Visual Studio Version 16
VisualStudioVersion = 16.0.30804.86
MinimumVisualStudioVersion = 10.0.40219.1
Project("{9A19103F-16F7-4668-BE54-9A1E7A4F7556}") = "01_BinarySearch", "01_BinarrySearch\01_BinarySearch.csproj", "{1E0A52E8-E3EE-4F5D-B008-B5A3058F52D0}"
EndProject
Project("{9A19103F-16F7-4668-BE54-9A1E7A4F7556}") = "02_SelectionSort", "02_SelectionSort\02_SelectionSort.csproj", "{EDCB4213-CC59-4241-A8FF-E0B51E68C255}"
EndProject
Project("{9A19103F-16F7-4668-BE54-9A1E7A4F7556}") = "03_QuickSort", "03_QuickSort\03_QuickSort.csproj", "{5219B0B7-05ED-409D-9EE7-28F07164A3D1}"
EndProject
Project("{9A19103F-16F7-4668-BE54-9A1E7A4F7556}") = "04_BreadthFirstSearch", "04_BreadthFirstSearch\04_BreadthFirstSearch.csproj", "{D73139AF-90C5-42CF-B473-DED5AFC24DF9}"
EndProject
Project("{FAE04EC0-301F-11D3-BF4B-00C04F79EFBC}") = "05_DijkstraAlgorithm", "05_DijkstraAlgorithm\05_DijkstraAlgorithm.csproj", "{60FC56EB-1041-47D0-BC7B-1991FB097938}"
EndProject
Global
	GlobalSection(SolutionConfigurationPlatforms) = preSolution
		Debug|Any CPU = Debug|Any CPU
		Release|Any CPU = Release|Any CPU
	EndGlobalSection
	GlobalSection(ProjectConfigurationPlatforms) = postSolution
		{1E0A52E8-E3EE-4F5D-B008-B5A3058F52D0}.Debug|Any CPU.ActiveCfg = Debug|Any CPU
		{1E0A52E8-E3EE-4F5D-B008-B5A3058F52D0}.Debug|Any CPU.Build.0 = Debug|Any CPU
		{1E0A52E8-E3EE-4F5D-B008-B5A3058F52D0}.Release|Any CPU.ActiveCfg = Release|Any CPU
		{1E0A52E8-E3EE-4F5D-B008-B5A3058F52D0}.Release|Any CPU.Build.0 = Release|Any CPU
		{EDCB4213-CC59-4241-A8FF-E0B51E68C255}.Debug|Any CPU.ActiveCfg = Debug|Any CPU
		{EDCB4213-CC59-4241-A8FF-E0B51E68C255}.Debug|Any CPU.Build.0 = Debug|Any CPU
		{EDCB4213-CC59-4241-A8FF-E0B51E68C255}.Release|Any CPU.ActiveCfg = Release|Any CPU
		{EDCB4213-CC59-4241-A8FF-E0B51E68C255}.Release|Any CPU.Build.0 = Release|Any CPU
		{5219B0B7-05ED-409D-9EE7-28F07164A3D1}.Debug|Any CPU.ActiveCfg = Debug|Any CPU
		{5219B0B7-05ED-409D-9EE7-28F07164A3D1}.Debug|Any CPU.Build.0 = Debug|Any CPU
		{5219B0B7-05ED-409D-9EE7-28F07164A3D1}.Release|Any CPU.ActiveCfg = Release|Any CPU
		{5219B0B7-05ED-409D-9EE7-28F07164A3D1}.Release|Any CPU.Build.0 = Release|Any CPU
		{D73139AF-90C5-42CF-B473-DED5AFC24DF9}.Debug|Any CPU.ActiveCfg = Debug|Any CPU
		{D73139AF-90C5-42CF-B473-DED5AFC24DF9}.Debug|Any CPU.Build.0 = Debug|Any CPU
		{D73139AF-90C5-42CF-B473-DED5AFC24DF9}.Release|Any CPU.ActiveCfg = Release|Any CPU
		{D73139AF-90C5-42CF-B473-DED5AFC24DF9}.Release|Any CPU.Build.0 = Release|Any CPU
		{60FC56EB-1041-47D0-BC7B-1991FB097938}.Debug|Any CPU.ActiveCfg = Debug|Any CPU
		{60FC56EB-1041-47D0-BC7B-1991FB097938}.Debug|Any CPU.Build.0 = Debug|Any CPU
		{60FC56EB-1041-47D0-BC7B-1991FB097938}.Release|Any CPU.ActiveCfg = Release|Any CPU
		{60FC56EB-1041-47D0-BC7B-1991FB097938}.Release|Any CPU.Build.0 = Release|Any CPU
	EndGlobalSection
	GlobalSection(SolutionProperties) = preSolution
		HideSolutionNode = FALSE
	EndGlobalSection
	GlobalSection(ExtensibilityGlobals) = postSolution
		SolutionGuid = {694C341F-80F3-4BE4-A8FF-79E89AED3665}
	EndGlobalSection
EndGlobal
