
Microsoft Visual Studio Solution File, Format Version 12.00
# Visual Studio Version 16
VisualStudioVersion = 16.0.30804.86
MinimumVisualStudioVersion = 10.0.40219.1
Project("{9A19103F-16F7-4668-BE54-9A1E7A4F7556}") = "01_BinarySearch", "01_BinarrySearch\01_BinarySearch.csproj", "{1E0A52E8-E3EE-4F5D-B008-B5A3058F52D0}"
EndProject
Project("{FAE04EC0-301F-11D3-BF4B-00C04F79EFBC}") = "02_SelectionSort", "02_SelectionSort\02_SelectionSort.csproj", "{EDCB4213-CC59-4241-A8FF-E0B51E68C255}"
EndProject
Global
	GlobalSection(SolutionConfigurationPlatforms) = preSolution
		Debug|Any CPU = Debug|Any CPU
		Release|Any CPU = Release|Any CPU
	EndGlobalSection
	GlobalSection(ProjectConfigurationPlatforms) = postSolution
		{1E0A52E8-E3EE-4F5D-B008-B5A3058F52D0}.Debug|Any CPU.ActiveCfg = Debug|Any CPU
		{1E0A52E8-E3EE-4F5D-B008-B5A3058F52D0}.Debug|Any CPU.Build.0 = Debug|Any CPU
		{1E0A52E8-E3EE-4F5D-B008-B5A3058F52D0}.Release|Any CPU.ActiveCfg = Release|Any CPU
		{1E0A52E8-E3EE-4F5D-B008-B5A3058F52D0}.Release|Any CPU.Build.0 = Release|Any CPU
		{EDCB4213-CC59-4241-A8FF-E0B51E68C255}.Debug|Any CPU.ActiveCfg = Debug|Any CPU
		{EDCB4213-CC59-4241-A8FF-E0B51E68C255}.Debug|Any CPU.Build.0 = Debug|Any CPU
		{EDCB4213-CC59-4241-A8FF-E0B51E68C255}.Release|Any CPU.ActiveCfg = Release|Any CPU
		{EDCB4213-CC59-4241-A8FF-E0B51E68C255}.Release|Any CPU.Build.0 = Release|Any CPU
	EndGlobalSection
	GlobalSection(SolutionProperties) = preSolution
		HideSolutionNode = FALSE
	EndGlobalSection
	GlobalSection(ExtensibilityGlobals) = postSolution
		SolutionGuid = {694C341F-80F3-4BE4-A8FF-79E89AED3665}
	EndGlobalSection
EndGlobal
